
Microsoft Visual Studio Solution File, Format Version 12.00
# Visual Studio Version 17
VisualStudioVersion = 17.8.34330.188
MinimumVisualStudioVersion = 10.0.40219.1
Project("{9A19103F-16F7-4668-BE54-9A1E7A4F7556}") = "BlankOfTheDayGenerator", "BlankOfTheDayGenerator.csproj", "{80C304D6-A53E-46F2-9369-B1E58AAC1BF5}"
EndProject
Global
	GlobalSection(SolutionConfigurationPlatforms) = preSolution
		Debug|Any CPU = Debug|Any CPU
		Release|Any CPU = Release|Any CPU
	EndGlobalSection
	GlobalSection(ProjectConfigurationPlatforms) = postSolution
		{80C304D6-A53E-46F2-9369-B1E58AAC1BF5}.Debug|Any CPU.ActiveCfg = Debug|Any CPU
		{80C304D6-A53E-46F2-9369-B1E58AAC1BF5}.Debug|Any CPU.Build.0 = Debug|Any CPU
		{80C304D6-A53E-46F2-9369-B1E58AAC1BF5}.Release|Any CPU.ActiveCfg = Release|Any CPU
		{80C304D6-A53E-46F2-9369-B1E58AAC1BF5}.Release|Any CPU.Build.0 = Release|Any CPU
	EndGlobalSection
	GlobalSection(SolutionProperties) = preSolution
		HideSolutionNode = FALSE
	EndGlobalSection
	GlobalSection(ExtensibilityGlobals) = postSolution
		SolutionGuid = {D8E497B5-A588-46A9-85DA-50144679DF5D}
	EndGlobalSection
EndGlobal
